// !$*UTF8*$!
{
	archiveVersion = 1;
	classes = {
	};
	objectVersion = 53;
	objects = {

/* Begin PBXBuildFile section */
		4F360C2626167D5F00DCB726 /* UIImage+Base64.h in Headers */ = {isa = PBXBuildFile; fileRef = 4F360C2426167D5F00DCB726 /* UIImage+Base64.h */; };
		4F360C2726167D5F00DCB726 /* UIImage+Base64.m in Sources */ = {isa = PBXBuildFile; fileRef = 4F360C2526167D5F00DCB726 /* UIImage+Base64.m */; };
		4F48376A25F20FE0001B9415 /* MessageBuilder.h in Headers */ = {isa = PBXBuildFile; fileRef = 4F48376825F20FE0001B9415 /* MessageBuilder.h */; };
		4F48376B25F20FE0001B9415 /* MessageBuilder.m in Sources */ = {isa = PBXBuildFile; fileRef = 4F48376925F20FE0001B9415 /* MessageBuilder.m */; };
		4F6808B125AEDEE500470DDB /* IMCore.framework in Frameworks */ = {isa = PBXBuildFile; fileRef = 4F6808AD25AEDEE500470DDB /* IMCore.framework */; };
		4F6808B225AEDEE500470DDB /* ChatKit.framework in Frameworks */ = {isa = PBXBuildFile; fileRef = 4F6808AE25AEDEE500470DDB /* ChatKit.framework */; };
		4F6808B325AEDEE500470DDB /* IMFoundation.framework in Frameworks */ = {isa = PBXBuildFile; fileRef = 4F6808AF25AEDEE500470DDB /* IMFoundation.framework */; };
		4F6808B425AEDEE500470DDB /* MessageUI.tbd in Frameworks */ = {isa = PBXBuildFile; fileRef = 4F6808B025AEDEE500470DDB /* MessageUI.tbd */; };
		4F6808B925AEE04700470DDB /* rubicon in Resources */ = {isa = PBXBuildFile; fileRef = 4F6808B825AEE04700470DDB /* rubicon */; };
		4F6DB932262A6DE4001A3EE4 /* AppSupport.framework in Frameworks */ = {isa = PBXBuildFile; fileRef = 4F6DB931262A6DE4001A3EE4 /* AppSupport.framework */; };
		4F6DB935262A6E98001A3EE4 /* CPDistributedMessagingCenter.h in Headers */ = {isa = PBXBuildFile; fileRef = 4F6DB934262A6E98001A3EE4 /* CPDistributedMessagingCenter.h */; };
		4F6DB93A262A7A14001A3EE4 /* smshelper.plist in Resources */ = {isa = PBXBuildFile; fileRef = 4F6DB937262A7A14001A3EE4 /* smshelper.plist */; };
		4F6DB93B262A7A14001A3EE4 /* Makefile in Sources */ = {isa = PBXBuildFile; fileRef = 4F6DB938262A7A14001A3EE4 /* Makefile */; };
		4F6DB93C262A7A14001A3EE4 /* Tweak.xm in Resources */ = {isa = PBXBuildFile; fileRef = 4F6DB939262A7A14001A3EE4 /* Tweak.xm */; };
		4F6DB951262A9A27001A3EE4 /* rocketbootstrap.h in Headers */ = {isa = PBXBuildFile; fileRef = 4F6DB950262A9A27001A3EE4 /* rocketbootstrap.h */; };
		4F6DB954262A9A3D001A3EE4 /* bootstrap.h in Headers */ = {isa = PBXBuildFile; fileRef = 4F6DB953262A9A3D001A3EE4 /* bootstrap.h */; };
		4F6DB957262A9A87001A3EE4 /* librocketbootstrap.tbd in Frameworks */ = {isa = PBXBuildFile; fileRef = 4F6DB956262A9A87001A3EE4 /* librocketbootstrap.tbd */; };
		4F8092D5261993C900A13658 /* brooklynsettings in Resources */ = {isa = PBXBuildFile; fileRef = 4F8092D4261993C900A13658 /* brooklynsettings */; };
		4F8092E326199A8200A13658 /* brooklynbypass in Resources */ = {isa = PBXBuildFile; fileRef = 4F8092E226199A8200A13658 /* brooklynbypass */; };
		4F82108C25A034C1005B9453 /* xchighlight.h in Headers */ = {isa = PBXBuildFile; fileRef = 4F82108A25A034C1005B9453 /* xchighlight.h */; settings = {ATTRIBUTES = (Public, ); }; };
		4F82109525A034CF005B9453 /* BLAppDelegate.m in Sources */ = {isa = PBXBuildFile; fileRef = 4F70018825993B7000698E5C /* BLAppDelegate.m */; platformFilter = ios; };
		4F82109825A034CF005B9453 /* BLNewChatViewController.m in Sources */ = {isa = PBXBuildFile; fileRef = 4F6F81B1259EA92C00783287 /* BLNewChatViewController.m */; platformFilter = ios; };
		4F82109A25A034CF005B9453 /* BLRootViewController.m in Sources */ = {isa = PBXBuildFile; fileRef = 4F70018725993B7000698E5C /* BLRootViewController.m */; platformFilter = ios; };
		4F82109B25A034CF005B9453 /* BrooklynBridge.m in Sources */ = {isa = PBXBuildFile; fileRef = 4F70019125993D7400698E5C /* BrooklynBridge.m */; platformFilter = ios; };
		4F8210AC25A035F8005B9453 /* IMCore.h in Headers */ = {isa = PBXBuildFile; fileRef = 4F7001992599756800698E5C /* IMCore.h */; platformFilter = ios; };
		4F8210AD25A035F8005B9453 /* ChatKit.h in Headers */ = {isa = PBXBuildFile; fileRef = 4F70019A2599A13E00698E5C /* ChatKit.h */; platformFilter = ios; };
		4F8210AE25A035F8005B9453 /* BLAppDelegate.h in Headers */ = {isa = PBXBuildFile; fileRef = 4F70018B25993B7000698E5C /* BLAppDelegate.h */; platformFilter = ios; };
		4F8210AF25A035F8005B9453 /* BLNewChatViewController.h in Headers */ = {isa = PBXBuildFile; fileRef = 4F6F81B0259EA92C00783287 /* BLNewChatViewController.h */; platformFilter = ios; };
		4F8210B025A035F8005B9453 /* BLRootViewController.h in Headers */ = {isa = PBXBuildFile; fileRef = 4F70018C25993B7000698E5C /* BLRootViewController.h */; platformFilter = ios; };
		4F8210B125A035F8005B9453 /* BrooklynBridge.h in Headers */ = {isa = PBXBuildFile; fileRef = 4F70019025993D7400698E5C /* BrooklynBridge.h */; platformFilter = ios; };
		4F8210D025A03843005B9453 /* BrooklynBridge.m in Headers */ = {isa = PBXBuildFile; fileRef = 4F70019125993D7400698E5C /* BrooklynBridge.m */; platformFilter = ios; };
		4F8D117625A5314600040303 /* SendMessageController.h in Headers */ = {isa = PBXBuildFile; fileRef = 4F8D117125A5312400040303 /* SendMessageController.h */; platformFilter = ios; };
		4F8D117D25A56DEE00040303 /* SendMessageController.m in Sources */ = {isa = PBXBuildFile; fileRef = 4F8D117C25A56DEE00040303 /* SendMessageController.m */; platformFilter = ios; };
		4F8D118125A572C100040303 /* ChatViewController.h in Headers */ = {isa = PBXBuildFile; fileRef = 4F8D117F25A572C100040303 /* ChatViewController.h */; platformFilter = ios; };
		4F8D118225A572C100040303 /* ChatViewController.m in Sources */ = {isa = PBXBuildFile; fileRef = 4F8D118025A572C100040303 /* ChatViewController.m */; platformFilter = ios; };
		4F975DFE260AF2F1001641BB /* BeeperAppIcon.xcassets in Resources */ = {isa = PBXBuildFile; fileRef = 4F975DFD260AF2F1001641BB /* BeeperAppIcon.xcassets */; };
		4F9897D5262A21AD007B580E /* IMDPersistence.framework in Frameworks */ = {isa = PBXBuildFile; fileRef = 4F9897D4262A21AD007B580E /* IMDPersistence.framework */; };
		4F9D49392604612E00A2BE48 /* LogViewController.h in Headers */ = {isa = PBXBuildFile; fileRef = 4F9D49362604612E00A2BE48 /* LogViewController.h */; };
		4F9D493A2604612E00A2BE48 /* LogViewController.m in Sources */ = {isa = PBXBuildFile; fileRef = 4F9D49372604612E00A2BE48 /* LogViewController.m */; };
		4F9D49452604727F00A2BE48 /* NSTask.h in Headers */ = {isa = PBXBuildFile; fileRef = 4F9D493D2604682500A2BE48 /* NSTask.h */; };
		4FA8AE582630E0AB00F6425E /* BLOnboardingViewController.h in Headers */ = {isa = PBXBuildFile; fileRef = 4FA8AE552630E0AB00F6425E /* BLOnboardingViewController.h */; };
		4FA8AE592630E0AB00F6425E /* BLOnboardingViewController.m in Sources */ = {isa = PBXBuildFile; fileRef = 4FA8AE562630E0AB00F6425E /* BLOnboardingViewController.m */; };
		4FAEE27C2634A52500C6FA57 /* UIView+IB.h in Headers */ = {isa = PBXBuildFile; fileRef = 4FAEE27A2634A52500C6FA57 /* UIView+IB.h */; };
		4FAEE27D2634A52500C6FA57 /* UIView+IB.m in Sources */ = {isa = PBXBuildFile; fileRef = 4FAEE27B2634A52500C6FA57 /* UIView+IB.m */; };
		4FB437C82617EA91000974C3 /* ExportLogsViewController.h in Headers */ = {isa = PBXBuildFile; fileRef = 4FB437C52617EA91000974C3 /* ExportLogsViewController.h */; };
		4FB437C92617EA91000974C3 /* ExportLogsViewController.m in Sources */ = {isa = PBXBuildFile; fileRef = 4FB437C62617EA91000974C3 /* ExportLogsViewController.m */; };
		4FFD1ED42606EF8200D535B0 /* BLMautrixTask.h in Headers */ = {isa = PBXBuildFile; fileRef = 4FFD1ED22606EF8200D535B0 /* BLMautrixTask.h */; };
		4FFD1ED52606EF8200D535B0 /* BLMautrixTask.m in Sources */ = {isa = PBXBuildFile; fileRef = 4FFD1ED32606EF8200D535B0 /* BLMautrixTask.m */; };
/* End PBXBuildFile section */

/* Begin PBXBuildRule section */
		4F8210D225A03858005B9453 /* PBXBuildRule */ = {
			isa = PBXBuildRule;
			compilerSpec = com.apple.compilers.llvm.clang.1_0;
			dependencyFile = "$(DERIVED_FILES_DIR)/$(INPUT_FILE_PATH).d";
			filePatterns = "*.xm";
			fileType = pattern.proxy;
			inputFiles = (
			);
			isEditable = 1;
			outputFiles = (
			);
			script = "# Type a script or drag a script file from your workspace to insert its path.\n/Users/ethanrdoesmc/theos/vendor/logos/bin/logos.pl\n";
		};
/* End PBXBuildRule section */

/* Begin PBXFileReference section */
		4F360C2426167D5F00DCB726 /* UIImage+Base64.h */ = {isa = PBXFileReference; lastKnownFileType = sourcecode.c.h; path = "UIImage+Base64.h"; sourceTree = "<group>"; };
		4F360C2526167D5F00DCB726 /* UIImage+Base64.m */ = {isa = PBXFileReference; lastKnownFileType = sourcecode.c.objc; path = "UIImage+Base64.m"; sourceTree = "<group>"; };
		4F48376825F20FE0001B9415 /* MessageBuilder.h */ = {isa = PBXFileReference; lastKnownFileType = sourcecode.c.h; path = MessageBuilder.h; sourceTree = "<group>"; };
		4F48376925F20FE0001B9415 /* MessageBuilder.m */ = {isa = PBXFileReference; lastKnownFileType = sourcecode.c.objc; path = MessageBuilder.m; sourceTree = "<group>"; };
		4F6808AD25AEDEE500470DDB /* IMCore.framework */ = {isa = PBXFileReference; lastKnownFileType = wrapper.framework; path = IMCore.framework; sourceTree = "<group>"; };
		4F6808AE25AEDEE500470DDB /* ChatKit.framework */ = {isa = PBXFileReference; lastKnownFileType = wrapper.framework; path = ChatKit.framework; sourceTree = "<group>"; };
		4F6808AF25AEDEE500470DDB /* IMFoundation.framework */ = {isa = PBXFileReference; lastKnownFileType = wrapper.framework; path = IMFoundation.framework; sourceTree = "<group>"; };
		4F6808B025AEDEE500470DDB /* MessageUI.tbd */ = {isa = PBXFileReference; fileEncoding = 4; lastKnownFileType = "sourcecode.text-based-dylib-definition"; path = MessageUI.tbd; sourceTree = "<group>"; };
		4F6808B825AEE04700470DDB /* rubicon */ = {isa = PBXFileReference; lastKnownFileType = folder; path = rubicon; sourceTree = "<group>"; };
		4F6DB931262A6DE4001A3EE4 /* AppSupport.framework */ = {isa = PBXFileReference; lastKnownFileType = wrapper.framework; path = AppSupport.framework; sourceTree = "<group>"; };
		4F6DB934262A6E98001A3EE4 /* CPDistributedMessagingCenter.h */ = {isa = PBXFileReference; fileEncoding = 4; lastKnownFileType = sourcecode.c.h; path = CPDistributedMessagingCenter.h; sourceTree = "<group>"; };
		4F6DB937262A7A14001A3EE4 /* smshelper.plist */ = {isa = PBXFileReference; lastKnownFileType = text.plist; name = smshelper.plist; path = smshelper/smshelper.plist; sourceTree = "<group>"; };
		4F6DB938262A7A14001A3EE4 /* Makefile */ = {isa = PBXFileReference; fileEncoding = 4; lastKnownFileType = sourcecode.make; name = Makefile; path = smshelper/Makefile; sourceTree = "<group>"; };
		4F6DB939262A7A14001A3EE4 /* Tweak.xm */ = {isa = PBXFileReference; fileEncoding = 4; lastKnownFileType = text; name = Tweak.xm; path = smshelper/Tweak.xm; sourceTree = "<group>"; };
		4F6DB93F262A7A9D001A3EE4 /* README.md */ = {isa = PBXFileReference; lastKnownFileType = net.daringfireball.markdown; path = README.md; sourceTree = "<group>"; };
		4F6DB950262A9A27001A3EE4 /* rocketbootstrap.h */ = {isa = PBXFileReference; fileEncoding = 4; lastKnownFileType = sourcecode.c.h; path = rocketbootstrap.h; sourceTree = "<group>"; };
		4F6DB953262A9A3D001A3EE4 /* bootstrap.h */ = {isa = PBXFileReference; fileEncoding = 4; lastKnownFileType = sourcecode.c.h; path = bootstrap.h; sourceTree = "<group>"; };
		4F6DB956262A9A87001A3EE4 /* librocketbootstrap.tbd */ = {isa = PBXFileReference; fileEncoding = 4; lastKnownFileType = "sourcecode.text-based-dylib-definition"; path = librocketbootstrap.tbd; sourceTree = "<group>"; };
		4F6F81B0259EA92C00783287 /* BLNewChatViewController.h */ = {isa = PBXFileReference; lastKnownFileType = sourcecode.c.h; path = BLNewChatViewController.h; sourceTree = "<group>"; };
		4F6F81B1259EA92C00783287 /* BLNewChatViewController.m */ = {isa = PBXFileReference; lastKnownFileType = sourcecode.c.objc; path = BLNewChatViewController.m; sourceTree = "<group>"; };
		4F70018525993B7000698E5C /* Makefile */ = {isa = PBXFileReference; lastKnownFileType = sourcecode.make; path = Makefile; sourceTree = "<group>"; };
		4F70018625993B7000698E5C /* Resources */ = {isa = PBXFileReference; lastKnownFileType = folder; path = Resources; sourceTree = "<group>"; };
		4F70018725993B7000698E5C /* BLRootViewController.m */ = {isa = PBXFileReference; lastKnownFileType = sourcecode.c.objc; path = BLRootViewController.m; sourceTree = "<group>"; };
		4F70018825993B7000698E5C /* BLAppDelegate.m */ = {isa = PBXFileReference; lastKnownFileType = sourcecode.c.objc; path = BLAppDelegate.m; sourceTree = "<group>"; };
		4F70018925993B7000698E5C /* main.m */ = {isa = PBXFileReference; lastKnownFileType = sourcecode.c.objc; path = main.m; sourceTree = "<group>"; };
		4F70018A25993B7000698E5C /* control */ = {isa = PBXFileReference; lastKnownFileType = text; path = control; sourceTree = "<group>"; };
		4F70018B25993B7000698E5C /* BLAppDelegate.h */ = {isa = PBXFileReference; lastKnownFileType = sourcecode.c.h; path = BLAppDelegate.h; sourceTree = "<group>"; };
		4F70018C25993B7000698E5C /* BLRootViewController.h */ = {isa = PBXFileReference; lastKnownFileType = sourcecode.c.h; path = BLRootViewController.h; sourceTree = "<group>"; };
		4F70019025993D7400698E5C /* BrooklynBridge.h */ = {isa = PBXFileReference; lastKnownFileType = sourcecode.c.h; path = BrooklynBridge.h; sourceTree = "<group>"; };
		4F70019125993D7400698E5C /* BrooklynBridge.m */ = {isa = PBXFileReference; lastKnownFileType = sourcecode.c.objc; path = BrooklynBridge.m; sourceTree = "<group>"; };
		4F7001992599756800698E5C /* IMCore.h */ = {isa = PBXFileReference; lastKnownFileType = sourcecode.c.h; path = IMCore.h; sourceTree = "<group>"; };
		4F70019A2599A13E00698E5C /* ChatKit.h */ = {isa = PBXFileReference; lastKnownFileType = sourcecode.c.h; path = ChatKit.h; sourceTree = "<group>"; };
		4F8092D4261993C900A13658 /* brooklynsettings */ = {isa = PBXFileReference; lastKnownFileType = folder; path = brooklynsettings; sourceTree = "<group>"; };
		4F8092E226199A8200A13658 /* brooklynbypass */ = {isa = PBXFileReference; lastKnownFileType = folder; path = brooklynbypass; sourceTree = "<group>"; };
		4F82105425A024C6005B9453 /* nibbuild.sh */ = {isa = PBXFileReference; lastKnownFileType = text.script.sh; path = nibbuild.sh; sourceTree = "<group>"; };
		4F82108825A034C1005B9453 /* xchighlight.framework */ = {isa = PBXFileReference; explicitFileType = wrapper.framework; includeInIndex = 0; path = xchighlight.framework; sourceTree = BUILT_PRODUCTS_DIR; };
		4F82108A25A034C1005B9453 /* xchighlight.h */ = {isa = PBXFileReference; lastKnownFileType = sourcecode.c.h; path = xchighlight.h; sourceTree = "<group>"; };
		4F82108B25A034C1005B9453 /* Info.plist */ = {isa = PBXFileReference; lastKnownFileType = text.plist.xml; path = Info.plist; sourceTree = "<group>"; };
		4F847F3925B524FF00E00E4F /* ent.plist */ = {isa = PBXFileReference; lastKnownFileType = text.plist.xml; path = ent.plist; sourceTree = "<group>"; };
		4F8BE07D25D85C4C00A66686 /* setuptheos.sh */ = {isa = PBXFileReference; lastKnownFileType = text.script.sh; path = setuptheos.sh; sourceTree = "<group>"; };
		4F8D117125A5312400040303 /* SendMessageController.h */ = {isa = PBXFileReference; lastKnownFileType = sourcecode.c.h; path = SendMessageController.h; sourceTree = "<group>"; };
		4F8D117C25A56DEE00040303 /* SendMessageController.m */ = {isa = PBXFileReference; fileEncoding = 4; lastKnownFileType = sourcecode.c.objc; path = SendMessageController.m; sourceTree = "<group>"; };
		4F8D117F25A572C100040303 /* ChatViewController.h */ = {isa = PBXFileReference; lastKnownFileType = sourcecode.c.h; path = ChatViewController.h; sourceTree = "<group>"; };
		4F8D118025A572C100040303 /* ChatViewController.m */ = {isa = PBXFileReference; lastKnownFileType = sourcecode.c.objc; path = ChatViewController.m; sourceTree = "<group>"; };
		4F91D09425AEEB6700385427 /* .gitignore */ = {isa = PBXFileReference; lastKnownFileType = text; path = .gitignore; sourceTree = "<group>"; };
		4F975DFD260AF2F1001641BB /* BeeperAppIcon.xcassets */ = {isa = PBXFileReference; lastKnownFileType = folder.assetcatalog; path = BeeperAppIcon.xcassets; sourceTree = "<group>"; };
		4F9897D4262A21AD007B580E /* IMDPersistence.framework */ = {isa = PBXFileReference; lastKnownFileType = wrapper.framework; path = IMDPersistence.framework; sourceTree = "<group>"; };
		4F9D49362604612E00A2BE48 /* LogViewController.h */ = {isa = PBXFileReference; lastKnownFileType = sourcecode.c.h; path = LogViewController.h; sourceTree = "<group>"; };
		4F9D49372604612E00A2BE48 /* LogViewController.m */ = {isa = PBXFileReference; lastKnownFileType = sourcecode.c.objc; path = LogViewController.m; sourceTree = "<group>"; };
		4F9D493D2604682500A2BE48 /* NSTask.h */ = {isa = PBXFileReference; lastKnownFileType = sourcecode.c.h; path = NSTask.h; sourceTree = "<group>"; };
		4FA8AE552630E0AB00F6425E /* BLOnboardingViewController.h */ = {isa = PBXFileReference; lastKnownFileType = sourcecode.c.h; path = BLOnboardingViewController.h; sourceTree = "<group>"; };
		4FA8AE562630E0AB00F6425E /* BLOnboardingViewController.m */ = {isa = PBXFileReference; lastKnownFileType = sourcecode.c.objc; path = BLOnboardingViewController.m; sourceTree = "<group>"; };
		4FAEE27A2634A52500C6FA57 /* UIView+IB.h */ = {isa = PBXFileReference; lastKnownFileType = sourcecode.c.h; path = "UIView+IB.h"; sourceTree = "<group>"; };
		4FAEE27B2634A52500C6FA57 /* UIView+IB.m */ = {isa = PBXFileReference; lastKnownFileType = sourcecode.c.objc; path = "UIView+IB.m"; sourceTree = "<group>"; };
		4FB2B7FE2611032700E524B3 /* layout */ = {isa = PBXFileReference; lastKnownFileType = folder; path = layout; sourceTree = "<group>"; };
		4FB437C52617EA91000974C3 /* ExportLogsViewController.h */ = {isa = PBXFileReference; lastKnownFileType = sourcecode.c.h; path = ExportLogsViewController.h; sourceTree = "<group>"; };
		4FB437C62617EA91000974C3 /* ExportLogsViewController.m */ = {isa = PBXFileReference; lastKnownFileType = sourcecode.c.objc; path = ExportLogsViewController.m; sourceTree = "<group>"; };
		4FFD1ED22606EF8200D535B0 /* BLMautrixTask.h */ = {isa = PBXFileReference; lastKnownFileType = sourcecode.c.h; path = BLMautrixTask.h; sourceTree = "<group>"; };
		4FFD1ED32606EF8200D535B0 /* BLMautrixTask.m */ = {isa = PBXFileReference; indentWidth = 4; lastKnownFileType = sourcecode.c.objc; path = BLMautrixTask.m; sourceTree = "<group>"; };
/* End PBXFileReference section */

/* Begin PBXFrameworksBuildPhase section */
		4F82108525A034C1005B9453 /* Frameworks */ = {
			isa = PBXFrameworksBuildPhase;
			buildActionMask = 2147483647;
			files = (
				4F6808B425AEDEE500470DDB /* MessageUI.tbd in Frameworks */,
				4F6808B325AEDEE500470DDB /* IMFoundation.framework in Frameworks */,
				4F6DB932262A6DE4001A3EE4 /* AppSupport.framework in Frameworks */,
				4F6DB957262A9A87001A3EE4 /* librocketbootstrap.tbd in Frameworks */,
				4F9897D5262A21AD007B580E /* IMDPersistence.framework in Frameworks */,
				4F6808B125AEDEE500470DDB /* IMCore.framework in Frameworks */,
				4F6808B225AEDEE500470DDB /* ChatKit.framework in Frameworks */,
			);
			runOnlyForDeploymentPostprocessing = 0;
		};
/* End PBXFrameworksBuildPhase section */

/* Begin PBXGroup section */
		4F360C2A26167E9100DCB726 /* Categories */ = {
			isa = PBXGroup;
			children = (
				4F360C2426167D5F00DCB726 /* UIImage+Base64.h */,
				4F360C2526167D5F00DCB726 /* UIImage+Base64.m */,
			);
			name = Categories;
			sourceTree = "<group>";
		};
		4F6808AC25AEDEE500470DDB /* Frameworks */ = {
			isa = PBXGroup;
			children = (
				4F6DB931262A6DE4001A3EE4 /* AppSupport.framework */,
				4F6808AD25AEDEE500470DDB /* IMCore.framework */,
				4F6808AE25AEDEE500470DDB /* ChatKit.framework */,
				4F9897D4262A21AD007B580E /* IMDPersistence.framework */,
				4F6808AF25AEDEE500470DDB /* IMFoundation.framework */,
				4F6DB956262A9A87001A3EE4 /* librocketbootstrap.tbd */,
				4F6808B025AEDEE500470DDB /* MessageUI.tbd */,
			);
			path = Frameworks;
			sourceTree = "<group>";
		};
		4F6DB93E262A7A8A001A3EE4 /* SMSHelper */ = {
			isa = PBXGroup;
			children = (
				4F6DB938262A7A14001A3EE4 /* Makefile */,
				4F6DB937262A7A14001A3EE4 /* smshelper.plist */,
				4F6DB939262A7A14001A3EE4 /* Tweak.xm */,
			);
			name = SMSHelper;
			sourceTree = "<group>";
		};
		4F70017E25993B7000698E5C = {
			isa = PBXGroup;
			children = (
				4F8092E126199A7200A13658 /* Bypass */,
				4F6DB93E262A7A8A001A3EE4 /* SMSHelper */,
				4FAB0ABB25D64376007448DA /* Headers */,
				4FAB0AB125D64192007448DA /* Application */,
				4FFD1ED12606EF5000D535B0 /* Mautrix */,
				4FAB0ABA25D6431C007448DA /* Utilities */,
				4FAB0ABC25D643CB007448DA /* Bridge to iMessage */,
			);
			sourceTree = "<group>";
		};
		4F8092E126199A7200A13658 /* Bypass */ = {
			isa = PBXGroup;
			children = (
				4F6DB93F262A7A9D001A3EE4 /* README.md */,
				4F8092E226199A8200A13658 /* brooklynbypass */,
			);
			name = Bypass;
			sourceTree = "<group>";
		};
		4F82105F25A031B9005B9453 /* Products */ = {
			isa = PBXGroup;
			children = (
				4F82108825A034C1005B9453 /* xchighlight.framework */,
			);
			name = Products;
			sourceTree = "<group>";
		};
		4F82108925A034C1005B9453 /* xchighlight */ = {
			isa = PBXGroup;
			children = (
				4F82108A25A034C1005B9453 /* xchighlight.h */,
				4F82108B25A034C1005B9453 /* Info.plist */,
			);
			path = xchighlight;
			sourceTree = "<group>";
		};
		4FA8AE5C2630E0BC00F6425E /* Onboarding */ = {
			isa = PBXGroup;
			children = (
				4FA8AE552630E0AB00F6425E /* BLOnboardingViewController.h */,
				4FA8AE562630E0AB00F6425E /* BLOnboardingViewController.m */,
				4FAEE27B2634A52500C6FA57 /* UIView+IB.m */,
			);
			name = Onboarding;
			sourceTree = "<group>";
		};
		4FAB0AB125D64192007448DA /* Application */ = {
			isa = PBXGroup;
			children = (
				4FA8AE5C2630E0BC00F6425E /* Onboarding */,
				4FAB0AB525D6422C007448DA /* Message Inspector */,
				4FAB0AB725D6428E007448DA /* Chat List */,
				4FAB0AB825D642AC007448DA /* Message Sender */,
				4FAB0AB425D64211007448DA /* Chat Creator */,
				4FAB0AB925D642D5007448DA /* Delegate */,
				4F70018925993B7000698E5C /* main.m */,
				4F975DFD260AF2F1001641BB /* BeeperAppIcon.xcassets */,
				4FB2B7FE2611032700E524B3 /* layout */,
				4F70018625993B7000698E5C /* Resources */,
			);
			name = Application;
			sourceTree = "<group>";
		};
		4FAB0AB425D64211007448DA /* Chat Creator */ = {
			isa = PBXGroup;
			children = (
				4F6F81B0259EA92C00783287 /* BLNewChatViewController.h */,
				4F6F81B1259EA92C00783287 /* BLNewChatViewController.m */,
			);
			name = "Chat Creator";
			sourceTree = "<group>";
		};
		4FAB0AB525D6422C007448DA /* Message Inspector */ = {
			isa = PBXGroup;
			children = (
				4F8D117F25A572C100040303 /* ChatViewController.h */,
				4F8D118025A572C100040303 /* ChatViewController.m */,
				4F9D49362604612E00A2BE48 /* LogViewController.h */,
				4F9D49372604612E00A2BE48 /* LogViewController.m */,
				4FB437C52617EA91000974C3 /* ExportLogsViewController.h */,
				4FB437C62617EA91000974C3 /* ExportLogsViewController.m */,
			);
			name = "Message Inspector";
			sourceTree = "<group>";
		};
		4FAB0AB725D6428E007448DA /* Chat List */ = {
			isa = PBXGroup;
			children = (
				4F70018C25993B7000698E5C /* BLRootViewController.h */,
				4F70018725993B7000698E5C /* BLRootViewController.m */,
			);
			name = "Chat List";
			sourceTree = "<group>";
		};
		4FAB0AB825D642AC007448DA /* Message Sender */ = {
			isa = PBXGroup;
			children = (
				4F8D117125A5312400040303 /* SendMessageController.h */,
				4F8D117C25A56DEE00040303 /* SendMessageController.m */,
			);
			name = "Message Sender";
			sourceTree = "<group>";
		};
		4FAB0AB925D642D5007448DA /* Delegate */ = {
			isa = PBXGroup;
			children = (
				4F70018B25993B7000698E5C /* BLAppDelegate.h */,
				4F70018825993B7000698E5C /* BLAppDelegate.m */,
			);
			name = Delegate;
			sourceTree = "<group>";
		};
		4FAB0ABA25D6431C007448DA /* Utilities */ = {
			isa = PBXGroup;
			children = (
				4F8092D4261993C900A13658 /* brooklynsettings */,
				4F91D09425AEEB6700385427 /* .gitignore */,
				4F82105425A024C6005B9453 /* nibbuild.sh */,
				4F70018525993B7000698E5C /* Makefile */,
				4F70018A25993B7000698E5C /* control */,
				4F847F3925B524FF00E00E4F /* ent.plist */,
				4FAB0ABF25D64446007448DA /* Xcode Highlighting */,
				4F8BE07D25D85C4C00A66686 /* setuptheos.sh */,
			);
			name = Utilities;
			sourceTree = "<group>";
		};
		4FAB0ABB25D64376007448DA /* Headers */ = {
			isa = PBXGroup;
			children = (
				4F7001992599756800698E5C /* IMCore.h */,
				4F6DB934262A6E98001A3EE4 /* CPDistributedMessagingCenter.h */,
				4F6DB950262A9A27001A3EE4 /* rocketbootstrap.h */,
				4F6DB953262A9A3D001A3EE4 /* bootstrap.h */,
				4F9D493D2604682500A2BE48 /* NSTask.h */,
				4FAEE27A2634A52500C6FA57 /* UIView+IB.h */,
				4F70019A2599A13E00698E5C /* ChatKit.h */,
				4F360C2A26167E9100DCB726 /* Categories */,
			);
			name = Headers;
			sourceTree = "<group>";
		};
		4FAB0ABC25D643CB007448DA /* Bridge to iMessage */ = {
			isa = PBXGroup;
			children = (
				4F70019025993D7400698E5C /* BrooklynBridge.h */,
				4F70019125993D7400698E5C /* BrooklynBridge.m */,
				4F48376825F20FE0001B9415 /* MessageBuilder.h */,
				4F48376925F20FE0001B9415 /* MessageBuilder.m */,
				4F6808B825AEE04700470DDB /* rubicon */,
			);
			name = "Bridge to iMessage";
			sourceTree = "<group>";
		};
		4FAB0ABF25D64446007448DA /* Xcode Highlighting */ = {
			isa = PBXGroup;
			children = (
				4F82105F25A031B9005B9453 /* Products */,
				4F6808AC25AEDEE500470DDB /* Frameworks */,
				4F82108925A034C1005B9453 /* xchighlight */,
			);
			name = "Xcode Highlighting";
			sourceTree = "<group>";
		};
		4FFD1ED12606EF5000D535B0 /* Mautrix */ = {
			isa = PBXGroup;
			children = (
				4FFD1ED22606EF8200D535B0 /* BLMautrixTask.h */,
				4FFD1ED32606EF8200D535B0 /* BLMautrixTask.m */,
			);
			name = Mautrix;
			sourceTree = "<group>";
		};
/* End PBXGroup section */

/* Begin PBXHeadersBuildPhase section */
		4F82108325A034C1005B9453 /* Headers */ = {
			isa = PBXHeadersBuildPhase;
			buildActionMask = 2147483647;
			files = (
				4F82108C25A034C1005B9453 /* xchighlight.h in Headers */,
				4F9D49452604727F00A2BE48 /* NSTask.h in Headers */,
				4F6DB954262A9A3D001A3EE4 /* bootstrap.h in Headers */,
				4F360C2626167D5F00DCB726 /* UIImage+Base64.h in Headers */,
				4F8D117625A5314600040303 /* SendMessageController.h in Headers */,
				4F9D49392604612E00A2BE48 /* LogViewController.h in Headers */,
				4F48376A25F20FE0001B9415 /* MessageBuilder.h in Headers */,
				4FAEE27C2634A52500C6FA57 /* UIView+IB.h in Headers */,
				4FB437C82617EA91000974C3 /* ExportLogsViewController.h in Headers */,
				4F8210D025A03843005B9453 /* BrooklynBridge.m in Headers */,
				4F8210AC25A035F8005B9453 /* IMCore.h in Headers */,
				4FA8AE582630E0AB00F6425E /* BLOnboardingViewController.h in Headers */,
				4F8210AD25A035F8005B9453 /* ChatKit.h in Headers */,
				4F8210AE25A035F8005B9453 /* BLAppDelegate.h in Headers */,
				4F8210AF25A035F8005B9453 /* BLNewChatViewController.h in Headers */,
				4FFD1ED42606EF8200D535B0 /* BLMautrixTask.h in Headers */,
				4F6DB935262A6E98001A3EE4 /* CPDistributedMessagingCenter.h in Headers */,
				4F8D118125A572C100040303 /* ChatViewController.h in Headers */,
				4F6DB951262A9A27001A3EE4 /* rocketbootstrap.h in Headers */,
				4F8210B125A035F8005B9453 /* BrooklynBridge.h in Headers */,
				4F8210B025A035F8005B9453 /* BLRootViewController.h in Headers */,
			);
			runOnlyForDeploymentPostprocessing = 0;
		};
/* End PBXHeadersBuildPhase section */

/* Begin PBXLegacyTarget section */
		4F70018325993B7000698E5C /* brooklyn */ = {
			isa = PBXLegacyTarget;
			buildArgumentsString = "clean do";
			buildConfigurationList = 4F70018D25993B7000698E5C /* Build configuration list for PBXLegacyTarget "brooklyn" */;
			buildPhases = (
			);
			buildToolPath = /usr/bin/make;
			buildWorkingDirectory = "/Users/ethanrdoesmc/Developer/Beeper/Brooklyn-VSC/brooklyn";
			dependencies = (
			);
			name = brooklyn;
			passBuildSettingsInEnvironment = 1;
			productName = brooklyn;
		};
/* End PBXLegacyTarget section */

/* Begin PBXNativeTarget section */
		4F82108725A034C1005B9453 /* xchighlight */ = {
			isa = PBXNativeTarget;
			buildConfigurationList = 4F82108D25A034C1005B9453 /* Build configuration list for PBXNativeTarget "xchighlight" */;
			buildPhases = (
				4F82108325A034C1005B9453 /* Headers */,
				4F82108425A034C1005B9453 /* Sources */,
				4F82108525A034C1005B9453 /* Frameworks */,
				4F82108625A034C1005B9453 /* Resources */,
			);
			buildRules = (
				4F8210D225A03858005B9453 /* PBXBuildRule */,
			);
			dependencies = (
			);
			name = xchighlight;
			productName = xchighlight;
			productReference = 4F82108825A034C1005B9453 /* xchighlight.framework */;
			productType = "com.apple.product-type.framework";
		};
/* End PBXNativeTarget section */

/* Begin PBXProject section */
		4F70017F25993B7000698E5C /* Project object */ = {
			isa = PBXProject;
			attributes = {
				BuildIndependentTargetsInParallel = YES;
				TargetAttributes = {
					4F82108725A034C1005B9453 = {
						CreatedOnToolsVersion = 12.3;
					};
				};
			};
			buildConfigurationList = 4F70018225993B7000698E5C /* Build configuration list for PBXProject "brooklyn" */;
			compatibilityVersion = "Xcode 9.3";
			developmentRegion = en;
			hasScannedForEncodings = 0;
			knownRegions = (
				en,
				Base,
			);
			mainGroup = 4F70017E25993B7000698E5C;
			productRefGroup = 4F82105F25A031B9005B9453 /* Products */;
			projectDirPath = "";
			projectRoot = "";
			targets = (
				4F70018325993B7000698E5C /* brooklyn */,
				4F82108725A034C1005B9453 /* xchighlight */,
			);
		};
/* End PBXProject section */

/* Begin PBXResourcesBuildPhase section */
		4F82108625A034C1005B9453 /* Resources */ = {
			isa = PBXResourcesBuildPhase;
			buildActionMask = 2147483647;
			files = (
				4F8092E326199A8200A13658 /* brooklynbypass in Resources */,
				4F6DB93A262A7A14001A3EE4 /* smshelper.plist in Resources */,
				4F6808B925AEE04700470DDB /* rubicon in Resources */,
				4F8092D5261993C900A13658 /* brooklynsettings in Resources */,
				4F975DFE260AF2F1001641BB /* BeeperAppIcon.xcassets in Resources */,
				4F6DB93C262A7A14001A3EE4 /* Tweak.xm in Resources */,
			);
			runOnlyForDeploymentPostprocessing = 0;
		};
/* End PBXResourcesBuildPhase section */

/* Begin PBXSourcesBuildPhase section */
		4F82108425A034C1005B9453 /* Sources */ = {
			isa = PBXSourcesBuildPhase;
			buildActionMask = 2147483647;
			files = (
				4F8D117D25A56DEE00040303 /* SendMessageController.m in Sources */,
				4FB437C92617EA91000974C3 /* ExportLogsViewController.m in Sources */,
				4FA8AE592630E0AB00F6425E /* BLOnboardingViewController.m in Sources */,
				4F82109B25A034CF005B9453 /* BrooklynBridge.m in Sources */,
				4F8D118225A572C100040303 /* ChatViewController.m in Sources */,
				4F82109525A034CF005B9453 /* BLAppDelegate.m in Sources */,
				4F82109825A034CF005B9453 /* BLNewChatViewController.m in Sources */,
				4F6DB93B262A7A14001A3EE4 /* Makefile in Sources */,
				4F48376B25F20FE0001B9415 /* MessageBuilder.m in Sources */,
				4F82109A25A034CF005B9453 /* BLRootViewController.m in Sources */,
				4F360C2726167D5F00DCB726 /* UIImage+Base64.m in Sources */,
				4FAEE27D2634A52500C6FA57 /* UIView+IB.m in Sources */,
				4F9D493A2604612E00A2BE48 /* LogViewController.m in Sources */,
				4FFD1ED52606EF8200D535B0 /* BLMautrixTask.m in Sources */,
			);
			runOnlyForDeploymentPostprocessing = 0;
		};
/* End PBXSourcesBuildPhase section */

/* Begin XCBuildConfiguration section */
		4F70018025993B7000698E5C /* Debug */ = {
			isa = XCBuildConfiguration;
			buildSettings = {
				ARCHS = (
					armv7,
					arm64,
				);
				CLANG_WARN_SEMICOLON_BEFORE_METHOD_BODY = YES;
				COPY_PHASE_STRIP = NO;
				GCC_WARN_ABOUT_RETURN_TYPE = YES;
				GCC_WARN_UNUSED_VARIABLE = YES;
				IPHONEOS_DEPLOYMENT_TARGET = 8.3;
				ONLY_ACTIVE_ARCH = YES;
				SDKROOT = iphoneos8.3;
				SYMROOT = build;
			};
			name = Debug;
		};
		4F70018125993B7000698E5C /* Release */ = {
			isa = XCBuildConfiguration;
			buildSettings = {
				ARCHS = (
					armv7,
					arm64,
				);
				CLANG_WARN_SEMICOLON_BEFORE_METHOD_BODY = YES;
				COPY_PHASE_STRIP = YES;
				GCC_WARN_ABOUT_RETURN_TYPE = YES;
				GCC_WARN_UNUSED_VARIABLE = YES;
				IPHONEOS_DEPLOYMENT_TARGET = 8.3;
				SDKROOT = iphoneos8.3;
				SYMROOT = build;
			};
			name = Release;
		};
		4F70018E25993B7000698E5C /* Debug */ = {
			isa = XCBuildConfiguration;
			buildSettings = {
				COPY_PHASE_STRIP = NO;
				DEBUGGING_SYMBOLS = YES;
				GCC_DYNAMIC_NO_PIC = NO;
				GCC_ENABLE_FIX_AND_CONTINUE = YES;
				GCC_GENERATE_DEBUGGING_SYMBOLS = YES;
				GCC_OPTIMIZATION_LEVEL = 0;
				OTHER_CFLAGS = "";
				OTHER_LDFLAGS = "";
				PRODUCT_NAME = brooklyn;
				SDKROOT = iphoneos;
				THEOS = /Users/ethanrdoesmc/theos;
				THEOS_DEVICE_IP = iPhone.local;
			};
			name = Debug;
		};
		4F70018F25993B7000698E5C /* Release */ = {
			isa = XCBuildConfiguration;
			buildSettings = {
				COPY_PHASE_STRIP = YES;
				DEBUG_INFORMATION_FORMAT = "dwarf-with-dsym";
				GCC_ENABLE_FIX_AND_CONTINUE = NO;
				OTHER_CFLAGS = "";
				OTHER_LDFLAGS = "";
				PRODUCT_NAME = brooklyn;
				SDKROOT = iphoneos;
				THEOS = /Users/ethanrdoesmc/theos;
				THEOS_DEVICE_IP = iPhone.local;
			};
			name = Release;
		};
		4F82108E25A034C1005B9453 /* Debug */ = {
			isa = XCBuildConfiguration;
			buildSettings = {
				ALWAYS_SEARCH_USER_PATHS = NO;
				ARCHS = "$(ARCHS_STANDARD)";
				CLANG_ANALYZER_NONNULL = YES;
				CLANG_ANALYZER_NUMBER_OBJECT_CONVERSION = YES_AGGRESSIVE;
				CLANG_CXX_LANGUAGE_STANDARD = "gnu++14";
				CLANG_CXX_LIBRARY = "libc++";
				CLANG_ENABLE_MODULES = YES;
				CLANG_ENABLE_OBJC_ARC = YES;
				CLANG_ENABLE_OBJC_WEAK = YES;
				CLANG_WARN_BLOCK_CAPTURE_AUTORELEASING = YES;
				CLANG_WARN_BOOL_CONVERSION = YES;
				CLANG_WARN_COMMA = YES;
				CLANG_WARN_CONSTANT_CONVERSION = YES;
				CLANG_WARN_DEPRECATED_OBJC_IMPLEMENTATIONS = YES;
				CLANG_WARN_DIRECT_OBJC_ISA_USAGE = YES_ERROR;
				CLANG_WARN_DOCUMENTATION_COMMENTS = YES;
				CLANG_WARN_EMPTY_BODY = YES;
				CLANG_WARN_ENUM_CONVERSION = YES;
				CLANG_WARN_INFINITE_RECURSION = YES;
				CLANG_WARN_INT_CONVERSION = YES;
				CLANG_WARN_NON_LITERAL_NULL_CONVERSION = YES;
				CLANG_WARN_OBJC_IMPLICIT_RETAIN_SELF = YES;
				CLANG_WARN_OBJC_LITERAL_CONVERSION = YES;
				CLANG_WARN_OBJC_ROOT_CLASS = YES_ERROR;
				CLANG_WARN_QUOTED_INCLUDE_IN_FRAMEWORK_HEADER = YES;
				CLANG_WARN_RANGE_LOOP_ANALYSIS = YES;
				CLANG_WARN_STRICT_PROTOTYPES = YES;
				CLANG_WARN_SUSPICIOUS_MOVE = YES;
				CLANG_WARN_UNGUARDED_AVAILABILITY = YES_AGGRESSIVE;
				CLANG_WARN_UNREACHABLE_CODE = YES;
				CLANG_WARN__DUPLICATE_METHOD_MATCH = YES;
				CODE_SIGN_STYLE = Automatic;
				CURRENT_PROJECT_VERSION = 1;
				DEBUG_INFORMATION_FORMAT = dwarf;
				DEFINES_MODULE = YES;
				DYLIB_COMPATIBILITY_VERSION = 1;
				DYLIB_CURRENT_VERSION = 1;
				DYLIB_INSTALL_NAME_BASE = "@rpath";
				ENABLE_STRICT_OBJC_MSGSEND = YES;
				ENABLE_TESTABILITY = YES;
				FRAMEWORK_SEARCH_PATHS = (
					"$(inherited)",
					"$(PROJECT_DIR)/Frameworks",
				);
				GCC_C_LANGUAGE_STANDARD = gnu11;
				GCC_DYNAMIC_NO_PIC = NO;
				GCC_NO_COMMON_BLOCKS = YES;
				GCC_OPTIMIZATION_LEVEL = 0;
				GCC_PREPROCESSOR_DEFINITIONS = (
					"DEBUG=1",
					"$(inherited)",
				);
				GCC_WARN_64_TO_32_BIT_CONVERSION = YES;
				GCC_WARN_ABOUT_RETURN_TYPE = YES_ERROR;
				GCC_WARN_UNDECLARED_SELECTOR = YES;
				GCC_WARN_UNINITIALIZED_AUTOS = YES_AGGRESSIVE;
				GCC_WARN_UNUSED_FUNCTION = YES;
				INFOPLIST_FILE = xchighlight/Info.plist;
				INSTALL_PATH = "$(LOCAL_LIBRARY_DIR)/Frameworks";
				IPHONEOS_DEPLOYMENT_TARGET = 9.0;
				LD_RUNPATH_SEARCH_PATHS = (
					"$(inherited)",
					"@executable_path/Frameworks",
					"@loader_path/Frameworks",
				);
				LIBRARY_SEARCH_PATHS = (
					"$(inherited)",
					"$(PROJECT_DIR)/Frameworks",
				);
				MTL_ENABLE_DEBUG_INFO = INCLUDE_SOURCE;
				MTL_FAST_MATH = YES;
				PRODUCT_BUNDLE_IDENTIFIER = chat.nova.xchighlight;
				PRODUCT_NAME = "$(TARGET_NAME:c99extidentifier)";
				SDKROOT = iphoneos;
				SKIP_INSTALL = YES;
				SUPPORTS_MACCATALYST = NO;
				TARGETED_DEVICE_FAMILY = "1,2";
				VERSIONING_SYSTEM = "apple-generic";
				VERSION_INFO_PREFIX = "";
			};
			name = Debug;
		};
		4F82108F25A034C1005B9453 /* Release */ = {
			isa = XCBuildConfiguration;
			buildSettings = {
				ALWAYS_SEARCH_USER_PATHS = NO;
				ARCHS = "$(ARCHS_STANDARD)";
				CLANG_ANALYZER_NONNULL = YES;
				CLANG_ANALYZER_NUMBER_OBJECT_CONVERSION = YES_AGGRESSIVE;
				CLANG_CXX_LANGUAGE_STANDARD = "gnu++14";
				CLANG_CXX_LIBRARY = "libc++";
				CLANG_ENABLE_MODULES = YES;
				CLANG_ENABLE_OBJC_ARC = YES;
				CLANG_ENABLE_OBJC_WEAK = YES;
				CLANG_WARN_BLOCK_CAPTURE_AUTORELEASING = YES;
				CLANG_WARN_BOOL_CONVERSION = YES;
				CLANG_WARN_COMMA = YES;
				CLANG_WARN_CONSTANT_CONVERSION = YES;
				CLANG_WARN_DEPRECATED_OBJC_IMPLEMENTATIONS = YES;
				CLANG_WARN_DIRECT_OBJC_ISA_USAGE = YES_ERROR;
				CLANG_WARN_DOCUMENTATION_COMMENTS = YES;
				CLANG_WARN_EMPTY_BODY = YES;
				CLANG_WARN_ENUM_CONVERSION = YES;
				CLANG_WARN_INFINITE_RECURSION = YES;
				CLANG_WARN_INT_CONVERSION = YES;
				CLANG_WARN_NON_LITERAL_NULL_CONVERSION = YES;
				CLANG_WARN_OBJC_IMPLICIT_RETAIN_SELF = YES;
				CLANG_WARN_OBJC_LITERAL_CONVERSION = YES;
				CLANG_WARN_OBJC_ROOT_CLASS = YES_ERROR;
				CLANG_WARN_QUOTED_INCLUDE_IN_FRAMEWORK_HEADER = YES;
				CLANG_WARN_RANGE_LOOP_ANALYSIS = YES;
				CLANG_WARN_STRICT_PROTOTYPES = YES;
				CLANG_WARN_SUSPICIOUS_MOVE = YES;
				CLANG_WARN_UNGUARDED_AVAILABILITY = YES_AGGRESSIVE;
				CLANG_WARN_UNREACHABLE_CODE = YES;
				CLANG_WARN__DUPLICATE_METHOD_MATCH = YES;
				CODE_SIGN_STYLE = Automatic;
				COPY_PHASE_STRIP = NO;
				CURRENT_PROJECT_VERSION = 1;
				DEBUG_INFORMATION_FORMAT = "dwarf-with-dsym";
				DEFINES_MODULE = YES;
				DYLIB_COMPATIBILITY_VERSION = 1;
				DYLIB_CURRENT_VERSION = 1;
				DYLIB_INSTALL_NAME_BASE = "@rpath";
				ENABLE_NS_ASSERTIONS = NO;
				ENABLE_STRICT_OBJC_MSGSEND = YES;
				FRAMEWORK_SEARCH_PATHS = (
					"$(inherited)",
					"$(PROJECT_DIR)/Frameworks",
				);
				GCC_C_LANGUAGE_STANDARD = gnu11;
				GCC_NO_COMMON_BLOCKS = YES;
				GCC_WARN_64_TO_32_BIT_CONVERSION = YES;
				GCC_WARN_ABOUT_RETURN_TYPE = YES_ERROR;
				GCC_WARN_UNDECLARED_SELECTOR = YES;
				GCC_WARN_UNINITIALIZED_AUTOS = YES_AGGRESSIVE;
				GCC_WARN_UNUSED_FUNCTION = YES;
				INFOPLIST_FILE = xchighlight/Info.plist;
				INSTALL_PATH = "$(LOCAL_LIBRARY_DIR)/Frameworks";
				IPHONEOS_DEPLOYMENT_TARGET = 9.0;
				LD_RUNPATH_SEARCH_PATHS = (
					"$(inherited)",
					"@executable_path/Frameworks",
					"@loader_path/Frameworks",
				);
				LIBRARY_SEARCH_PATHS = (
					"$(inherited)",
					"$(PROJECT_DIR)/Frameworks",
				);
				MTL_ENABLE_DEBUG_INFO = NO;
				MTL_FAST_MATH = YES;
				PRODUCT_BUNDLE_IDENTIFIER = chat.nova.xchighlight;
				PRODUCT_NAME = "$(TARGET_NAME:c99extidentifier)";
				SDKROOT = iphoneos;
				SKIP_INSTALL = YES;
				SUPPORTS_MACCATALYST = NO;
				TARGETED_DEVICE_FAMILY = "1,2";
				VALIDATE_PRODUCT = YES;
				VERSIONING_SYSTEM = "apple-generic";
				VERSION_INFO_PREFIX = "";
			};
			name = Release;
		};
/* End XCBuildConfiguration section */

/* Begin XCConfigurationList section */
		4F70018225993B7000698E5C /* Build configuration list for PBXProject "brooklyn" */ = {
			isa = XCConfigurationList;
			buildConfigurations = (
				4F70018025993B7000698E5C /* Debug */,
				4F70018125993B7000698E5C /* Release */,
			);
			defaultConfigurationIsVisible = 0;
			defaultConfigurationName = Release;
		};
		4F70018D25993B7000698E5C /* Build configuration list for PBXLegacyTarget "brooklyn" */ = {
			isa = XCConfigurationList;
			buildConfigurations = (
				4F70018E25993B7000698E5C /* Debug */,
				4F70018F25993B7000698E5C /* Release */,
			);
			defaultConfigurationIsVisible = 0;
			defaultConfigurationName = Release;
		};
		4F82108D25A034C1005B9453 /* Build configuration list for PBXNativeTarget "xchighlight" */ = {
			isa = XCConfigurationList;
			buildConfigurations = (
				4F82108E25A034C1005B9453 /* Debug */,
				4F82108F25A034C1005B9453 /* Release */,
			);
			defaultConfigurationIsVisible = 0;
			defaultConfigurationName = Release;
		};
/* End XCConfigurationList section */
	};
	rootObject = 4F70017F25993B7000698E5C /* Project object */;
}
